<?xml version="1.0" encoding="utf-8"?>
<Project ToolsVersion="4.0" xmlns="http://schemas.microsoft.com/developer/msbuild/2003">
  <ItemGroup>
    <FxCompile Include="BoxPixelShader.hlsl" />
    <FxCompile Include="BoxVertexShader.hlsl" />
    <FxCompile Include="SimplePixelShader.hlsl" />
    <FxCompile Include="SimpleVertexShader.hlsl" />
  </ItemGroup>
  <ItemGroup>
    <ClCompile Include="BoxRenderer.cpp" />
    <ClCompile Include="FantasticBox2DD3DDemoComponent.cpp" />
    <ClCompile Include="CubeRenderer.cpp" />
    <ClCompile Include="Direct3DBase.cpp" />
    <ClCompile Include="Direct3DContentProvider.cpp" />
    <ClCompile Include="pch.cpp" />
  </ItemGroup>
  <ItemGroup>
    <ClInclude Include="BasicTimer.h" />
    <ClInclude Include="BoxRenderer.h" />
    <ClInclude Include="FantasticBox2DD3DDemoComponent.h" />
    <ClInclude Include="CubeRenderer.h" />
    <ClInclude Include="DirectXHelper.h" />
    <ClInclude Include="Direct3DBase.h" />
    <ClInclude Include="Direct3DContentProvider.h" />
    <ClInclude Include="pch.h" />
  </ItemGroup>
  <ItemGroup>
    <Image Include="wood_box_texture.dds" />
    <Image Include="wood_ground_texture.dds" />
  </ItemGroup>
</Project>